{
  "nodes": {
    "errm-env": {
      "inputs": {
        "nixpkgs": [
          "nixpkgs"
        ]
      },
      "locked": {
        "lastModified": 1784079551,
        "narHash": "sha256-Vkvc5LbV0mXg3fmiZjlm4ji+4XKZ7tUiM8XKuy3AsV8=",
        "ref": "refs/heads/main",
        "rev": "87244157afc19c7eaeade086743cbe7e57213609",
        "revCount": 3,
        "type": "git",
        "url": "https://codeberg.org/h4rl/errm-ENV"
      },
      "original": {
        "type": "git",
        "url": "https://codeberg.org/h4rl/errm-ENV"
      }
    },
    "errm-http": {
      "inputs": {
        "nixpkgs": [
          "nixpkgs"
        ]
      },
      "locked": {
        "lastModified": 1784725073,
        "narHash": "sha256-+wdVApa1DYrtADf1WPl0XsRnf9ABQmhavvhWY9Zxww8=",
        "ref": "refs/heads/main",
        "rev": "bba847b44a4422f6add61eff6e91570508ff057d",
        "revCount": 32,
        "type": "git",
        "url": "https://codeberg.org/h4rl/errm-HTTP"
      },
      "original": {
        "type": "git",
        "url": "https://codeberg.org/h4rl/errm-HTTP"
      }
    },
    "errm-json": {
      "inputs": {
        "nixpkgs": [
          "nixpkgs"
        ]
      },
      "locked": {
        "lastModified": 1784646585,
        "narHash": "sha256-b71Iu6xLkVsZ+SNoDhBa1q2BfWOExIWu6h9QbzXBgLw=",
        "ref": "refs/heads/main",
        "rev": "8e144aebeeafb828188b9aa115d9061cac67ae5e",
        "revCount": 10,
        "type": "git",
        "url": "https://codeberg.org/h4rl/errm-JSON"
      },
      "original": {
        "type": "git",
        "url": "https://codeberg.org/h4rl/errm-JSON"
      }
    },
    "errm-json_2": {
      "inputs": {
        "nixpkgs": "nixpkgs"
      },
      "locked": {
        "lastModified": 1783665863,
        "narHash": "sha256-kJIUo/U484NTEy5B1oT2yD3DgRHGSpJHnzMC8SLKLsY=",
        "owner": "h4rldev",
        "repo": "errm-JSON",
        "rev": "762a83852565184e348d055154e33a178e7eb12d",
        "type": "github"
      },
      "original": {
        "owner": "h4rldev",
        "repo": "errm-JSON",
        "type": "github"
      }
    },
    "errm-jwt": {
      "inputs": {
        "errm-json": "errm-json_2",
        "errm-uuid": "errm-uuid",
        "nixpkgs": [
          "nixpkgs"
        ]
      },
      "locked": {
        "lastModified": 1783865089,
        "narHash": "sha256-a9chm6Jszupjqal8Wgh/u/5X0TdJgDUb+mKOPQU1L+A=",
        "ref": "refs/heads/main",
        "rev": "123d7e56d7b927f9d6837a87d35785f34d4fa1b9",
        "revCount": 3,
        "type": "git",
        "url": "https://codeberg.org/h4rl/errm-JWT"
      },
      "original": {
        "type": "git",
        "url": "https://codeberg.org/h4rl/errm-JWT"
      }
    },
    "errm-sqlite": {
      "inputs": {
        "nixpkgs": [
          "nixpkgs"
        ]
      },
      "locked": {
        "lastModified": 1784373655,
        "narHash": "sha256-H68wKS6ZKjuH6kZv14/knZt+P2vYU8QShcugnwR3SJc=",
        "ref": "refs/heads/main",
        "rev": "69f2d1b71fe2ab91767c01a8e87968c442ddc717",
        "revCount": 24,
        "type": "git",
        "url": "https://codeberg.org/h4rl/errm-SQLite"
      },
      "original": {
        "type": "git",
        "url": "https://codeberg.org/h4rl/errm-SQLite"
      }
    },
    "errm-uuid": {
      "inputs": {
        "nixpkgs": "nixpkgs_2"
      },
      "locked": {
        "lastModified": 1783665908,
        "narHash": "sha256-WenE3Tp4itLDYW0/Zau+mHmFSv/2o9u1wHOxhHga/RU=",
        "owner": "h4rldev",
        "repo": "errm-UUID",
        "rev": "d72b1e7702fe1dd5f9e31da3213fb09dc5726566",
        "type": "github"
      },
      "original": {
        "owner": "h4rldev",
        "repo": "errm-UUID",
        "type": "github"
      }
    },
    "errm-uuid_2": {
      "inputs": {
        "nixpkgs": [
          "nixpkgs"
        ]
      },
      "locked": {
        "lastModified": 1783665908,
        "narHash": "sha256-WenE3Tp4itLDYW0/Zau+mHmFSv/2o9u1wHOxhHga/RU=",
        "ref": "refs/heads/main",
        "rev": "d72b1e7702fe1dd5f9e31da3213fb09dc5726566",
        "revCount": 3,
        "type": "git",
        "url": "https://codeberg.org/h4rl/errm-UUID"
      },
      "original": {
        "type": "git",
        "url": "https://codeberg.org/h4rl/errm-UUID"
      }
    },
    "errm-ws": {
      "inputs": {
        "nixpkgs": [
          "nixpkgs"
        ]
      },
      "locked": {
        "lastModified": 1785360901,
        "narHash": "sha256-l67mmJ9j7NAFKUQcmR6TUpBMagCw0GITgo5z1QKYHyw=",
        "ref": "refs/heads/main",
        "rev": "cc4269adaec00c2cc7c2a04e524003e73d2fba19",
        "revCount": 2,
        "type": "git",
        "url": "https://codeberg.org/h4rl/errm-WS"
      },
      "original": {
        "type": "git",
        "url": "https://codeberg.org/h4rl/errm-WS"
      }
    },
    "nixpkgs": {
      "locked": {
        "lastModified": 1783224372,
        "narHash": "sha256-8i/87eeoqiGE4yOTjwSA3Eh/ziJRQEmd/unYU+K27sk=",
        "owner": "nixos",
        "repo": "nixpkgs",
        "rev": "d407951447dcd00442e97087bf374aad70c04cea",
        "type": "github"
      },
      "original": {
        "owner": "nixos",
        "ref": "nixos-unstable",
        "repo": "nixpkgs",
        "type": "github"
      }
    },
    "nixpkgs_2": {
      "locked": {
        "lastModified": 1783224372,
        "narHash": "sha256-8i/87eeoqiGE4yOTjwSA3Eh/ziJRQEmd/unYU+K27sk=",
        "owner": "nixos",
        "repo": "nixpkgs",
        "rev": "d407951447dcd00442e97087bf374aad70c04cea",
        "type": "github"
      },
      "original": {
        "owner": "nixos",
        "ref": "nixos-unstable",
        "repo": "nixpkgs",
        "type": "github"
      }
    },
    "nixpkgs_3": {
      "locked": {
        "lastModified": 1784497964,
        "narHash": "sha256-vlHUuqAcbcH2RKmHbPiuQzbv1pnzzavXnI62RD0bqCU=",
        "owner": "nixos",
        "repo": "nixpkgs",
        "rev": "241313f4e8e508cb9b13278c2b0fa25b9ca27163",
        "type": "github"
      },
      "original": {
        "owner": "nixos",
        "ref": "nixos-unstable",
        "repo": "nixpkgs",
        "type": "github"
      }
    },
    "root": {
      "inputs": {
        "errm-env": "errm-env",
        "errm-http": "errm-http",
        "errm-json": "errm-json",
        "errm-jwt": "errm-jwt",
        "errm-sqlite": "errm-sqlite",
        "errm-uuid": "errm-uuid_2",
        "errm-ws": "errm-ws",
        "nixpkgs": "nixpkgs_3"
      }
    }
  },
  "root": "root",
  "version": 7
}
