{
  "nodes": {
    "errm-argon": {
      "inputs": {
        "nixpkgs": [
          "nixpkgs"
        ]
      },
      "locked": {
        "lastModified": 1790729260,
        "narHash": "sha256-ex0OsB+UEWkfDm+TSQo/hcCVC6EO8CQyu8i6Nxu6XVU=",
        "ref": "refs/heads/main",
        "rev": "e93dadd237f424bfcd517ebde4360eceb091b7d8",
        "revCount": 9,
        "type": "git",
        "url": "https://codeberg.org/h4rl/errm-ARGON"
      },
      "original": {
        "type": "git",
        "url": "https://codeberg.org/h4rl/errm-ARGON"
      }
    },
    "errm-env": {
      "inputs": {
        "nixpkgs": [
          "nixpkgs"
        ]
      },
      "locked": {
        "lastModified": 1787877436,
        "narHash": "sha256-tZt6xmk9kNVG+IV8IhRzsJVNLsuRVBhsPf72Kk48QuA=",
        "ref": "refs/heads/main",
        "rev": "789620a673ed027194ec2f380ae06ad5fe271890",
        "revCount": 4,
        "type": "git",
        "url": "https://codeberg.org/h4rl/errm-ENV"
      },
      "original": {
        "type": "git",
        "url": "https://codeberg.org/h4rl/errm-ENV"
      }
    },
    "errm-http": {
      "inputs": {
        "nixpkgs": [
          "nixpkgs"
        ]
      },
      "locked": {
        "lastModified": 1791189118,
        "narHash": "sha256-lnnghROOWqKnoDNDccQYfHbLadPfJ7gCRxVkGOYh9Mw=",
        "ref": "refs/heads/main",
        "rev": "3f91b41d49d6b663e07130bd128c9876e7757276",
        "revCount": 41,
        "type": "git",
        "url": "https://codeberg.org/h4rl/errm-HTTP"
      },
      "original": {
        "type": "git",
        "url": "https://codeberg.org/h4rl/errm-HTTP"
      }
    },
    "errm-json": {
      "inputs": {
        "nixpkgs": [
          "nixpkgs"
        ]
      },
      "locked": {
        "lastModified": 1791079063,
        "narHash": "sha256-AhnXkaGhZpJcWIL1RwtRvxwGrrpRaJU+c/u6+rY+vPA=",
        "ref": "refs/heads/main",
        "rev": "53443369c99060687bf034db9b6ed931c0d4b107",
        "revCount": 12,
        "type": "git",
        "url": "https://codeberg.org/h4rl/errm-JSON"
      },
      "original": {
        "type": "git",
        "url": "https://codeberg.org/h4rl/errm-JSON"
      }
    },
    "errm-json_2": {
      "inputs": {
        "nixpkgs": "nixpkgs"
      },
      "locked": {
        "lastModified": 1783665863,
        "narHash": "sha256-kJIUo/U484NTEy5B1oT2yD3DgRHGSpJHnzMC8SLKLsY=",
        "owner": "h4rldev",
        "repo": "errm-JSON",
        "rev": "762a83852565184e348d055154e33a178e7eb12d",
        "type": "github"
      },
      "original": {
        "owner": "h4rldev",
        "repo": "errm-JSON",
        "type": "github"
      }
    },
    "errm-jwt": {
      "inputs": {
        "errm-json": "errm-json_2",
        "errm-uuid": "errm-uuid",
        "nixpkgs": [
          "nixpkgs"
        ]
      },
      "locked": {
        "lastModified": 1791079239,
        "narHash": "sha256-NDXP130R0vyxhxWAjpKVZA9jaLFsP6fZ+P5rgsYeglw=",
        "ref": "refs/heads/main",
        "rev": "abcae56b7be51b6165399319000c5171cb8a67ad",
        "revCount": 5,
        "type": "git",
        "url": "https://codeberg.org/h4rl/errm-JWT"
      },
      "original": {
        "type": "git",
        "url": "https://codeberg.org/h4rl/errm-JWT"
      }
    },
    "errm-sqlite": {
      "inputs": {
        "nixpkgs": [
          "nixpkgs"
        ]
      },
      "locked": {
        "lastModified": 1790729377,
        "narHash": "sha256-ovdvst8WTjaFXeUDG3RsvG7f+1lGzCHLeHpXbEro8lk=",
        "ref": "refs/heads/main",
        "rev": "42598c37a8745e9338611805ea64b413d3bd939b",
        "revCount": 27,
        "type": "git",
        "url": "https://codeberg.org/h4rl/errm-SQLite"
      },
      "original": {
        "type": "git",
        "url": "https://codeberg.org/h4rl/errm-SQLite"
      }
    },
    "errm-uuid": {
      "inputs": {
        "nixpkgs": "nixpkgs_2"
      },
      "locked": {
        "lastModified": 1783665908,
        "narHash": "sha256-WenE3Tp4itLDYW0/Zau+mHmFSv/2o9u1wHOxhHga/RU=",
        "owner": "h4rldev",
        "repo": "errm-UUID",
        "rev": "d72b1e7702fe1dd5f9e31da3213fb09dc5726566",
        "type": "github"
      },
      "original": {
        "owner": "h4rldev",
        "repo": "errm-UUID",
        "type": "github"
      }
    },
    "errm-uuid_2": {
      "inputs": {
        "nixpkgs": [
          "nixpkgs"
        ]
      },
      "locked": {
        "lastModified": 1787877556,
        "narHash": "sha256-EiFUW8ZiGL5iZipQk4DxQLj9VxjNWMuCUzp45qtA4hA=",
        "ref": "refs/heads/main",
        "rev": "a52440ccd6c8bb9c6b09d9db4d13071854589703",
        "revCount": 4,
        "type": "git",
        "url": "https://codeberg.org/h4rl/errm-UUID"
      },
      "original": {
        "type": "git",
        "url": "https://codeberg.org/h4rl/errm-UUID"
      }
    },
    "errm-ws": {
      "inputs": {
        "nixpkgs": [
          "nixpkgs"
        ]
      },
      "locked": {
        "lastModified": 1787877567,
        "narHash": "sha256-ByPHWUpfhm8m2zddwZxLH21TpMNMz3oWzfC/Ok4TVT4=",
        "ref": "refs/heads/main",
        "rev": "7148e4b8f81fe250b7d1d36c67a172b59162d547",
        "revCount": 10,
        "type": "git",
        "url": "https://codeberg.org/h4rl/errm-WS"
      },
      "original": {
        "type": "git",
        "url": "https://codeberg.org/h4rl/errm-WS"
      }
    },
    "nixpkgs": {
      "locked": {
        "lastModified": 1783224372,
        "narHash": "sha256-8i/87eeoqiGE4yOTjwSA3Eh/ziJRQEmd/unYU+K27sk=",
        "owner": "nixos",
        "repo": "nixpkgs",
        "rev": "d407951447dcd00442e97087bf374aad70c04cea",
        "type": "github"
      },
      "original": {
        "owner": "nixos",
        "ref": "nixos-unstable",
        "repo": "nixpkgs",
        "type": "github"
      }
    },
    "nixpkgs_2": {
      "locked": {
        "lastModified": 1783224372,
        "narHash": "sha256-8i/87eeoqiGE4yOTjwSA3Eh/ziJRQEmd/unYU+K27sk=",
        "owner": "nixos",
        "repo": "nixpkgs",
        "rev": "d407951447dcd00442e97087bf374aad70c04cea",
        "type": "github"
      },
      "original": {
        "owner": "nixos",
        "ref": "nixos-unstable",
        "repo": "nixpkgs",
        "type": "github"
      }
    },
    "nixpkgs_3": {
      "locked": {
        "lastModified": 1791048980,
        "narHash": "sha256-KgItSKML8Xvte0B7/uGnBDsYzSnnKHcOaiUbgWBXLXw=",
        "owner": "nixos",
        "repo": "nixpkgs",
        "rev": "a7868a727837f3c09cee2ce0ca671c76b1589fed",
        "type": "github"
      },
      "original": {
        "owner": "nixos",
        "ref": "nixos-unstable",
        "repo": "nixpkgs",
        "type": "github"
      }
    },
    "root": {
      "inputs": {
        "errm-argon": "errm-argon",
        "errm-env": "errm-env",
        "errm-http": "errm-http",
        "errm-json": "errm-json",
        "errm-jwt": "errm-jwt",
        "errm-sqlite": "errm-sqlite",
        "errm-uuid": "errm-uuid_2",
        "errm-ws": "errm-ws",
        "nixpkgs": "nixpkgs_3"
      }
    }
  },
  "root": "root",
  "version": 7
}
