[{<<"eqwalizer_support">>,
  {git_subdir,"https://github.com/whatsapp/erlang-language-platform.git",
              {ref,"d974d66a9d499ea91ef9f2f6b83df6ed876303d8"},
              "eqwalizer/eqwalizer_support"},
  0},
 {<<"errm_argon">>,
  {git,"https://github.com/h4rldev/errm-ARGON",
       {ref,"e93dadd237f424bfcd517ebde4360eceb091b7d8"}},
  0},
 {<<"errm_cmark_gfm">>,
  {git,"https://github.com/h4rldev/errm-cmark-gfm",
       {ref,"1b4adaf034dae3bb07e0bb5c713c8db576a1f462"}},
  0},
 {<<"errm_env">>,
  {git,"https://github.com/h4rldev/errm-ENV",
       {ref,"789620a673ed027194ec2f380ae06ad5fe271890"}},
  0},
 {<<"errm_http">>,
  {git,"https://github.com/h4rldev/errm-HTTP",
       {ref,"f65210adb5345511045275975c730578a6502222"}},
  0},
 {<<"errm_json">>,
  {git,"https://github.com/h4rldev/errm-JSON",
       {ref,"53443369c99060687bf034db9b6ed931c0d4b107"}},
  0},
 {<<"errm_jwt">>,
  {git,"https://github.com/h4rldev/errm-JWT",
       {ref,"abcae56b7be51b6165399319000c5171cb8a67ad"}},
  0},
 {<<"errm_sqlite">>,
  {git,"https://github.com/h4rldev/errm-SQLite",
       {ref,"dcd5a86088f2a3d084b56ba0c23c4a36c14c3e2e"}},
  0},
 {<<"errm_uuid">>,
  {git,"https://github.com/h4rldev/errm-UUID",
       {ref,"a52440ccd6c8bb9c6b09d9db4d13071854589703"}},
  0},
 {<<"errm_ws">>,
  {git,"https://github.com/h4rldev/errm-WS",
       {ref,"7148e4b8f81fe250b7d1d36c67a172b59162d547"}},
  0}].
