[{<<"eqwalizer_support">>,
  {git_subdir,"https://github.com/whatsapp/erlang-language-platform.git",
              {ref,"7d5b0a46603ae3069285451fbd84870bd31bb41d"},
              "eqwalizer/eqwalizer_support"},
  0},
 {<<"errm_argon">>,
  {git,"https://github.com/h4rldev/errm-ARGON",
       {ref,"e93dadd237f424bfcd517ebde4360eceb091b7d8"}},
  0},
 {<<"errm_env">>,
  {git,"https://github.com/h4rldev/errm-ENV",
       {ref,"789620a673ed027194ec2f380ae06ad5fe271890"}},
  0},
 {<<"errm_http">>,
  {git,"https://github.com/h4rldev/errm-HTTP",
       {ref,"797087bc709fa6a257d0ce333f7913692b1bde0a"}},
  0},
 {<<"errm_json">>,
  {git,"https://github.com/h4rldev/errm-JSON",
       {ref,"ee2a76eec9ae773b01badbe09f8a2e3f50eecc69"}},
  0},
 {<<"errm_jwt">>,
  {git,"https://github.com/h4rldev/errm-JWT",
       {ref,"1ec125319a845c5a3d53b3c3b592c78153e551c7"}},
  0},
 {<<"errm_sqlite">>,
  {git,"https://github.com/h4rldev/errm-SQLite",
       {ref,"42598c37a8745e9338611805ea64b413d3bd939b"}},
  0},
 {<<"errm_uuid">>,
  {git,"https://github.com/h4rldev/errm-UUID",
       {ref,"a52440ccd6c8bb9c6b09d9db4d13071854589703"}},
  0},
 {<<"errm_ws">>,
  {git,"https://github.com/h4rldev/errm-WS",
       {ref,"7148e4b8f81fe250b7d1d36c67a172b59162d547"}},
  0}].
